
Microsoft Visual Studio Solution File, Format Version 12.00
# Visual Studio Version 16
VisualStudioVersion = 16.0.29009.5
MinimumVisualStudioVersion = 10.0.40219.1
Project("{FAE04EC0-301F-11D3-BF4B-00C04F79EFBC}") = "CostPlan", "CostPlan\CostPlan.csproj", "{C08303DF-507B-4C92-B998-96F47D58546E}"
EndProject
Project("{FAE04EC0-301F-11D3-BF4B-00C04F79EFBC}") = "Collection", "Collection\Collection.csproj", "{573F554E-7C4B-4662-896B-6DD3CA6CC326}"
EndProject
Global
	GlobalSection(SolutionConfigurationPlatforms) = preSolution
		Debug|Any CPU = Debug|Any CPU
		Release|Any CPU = Release|Any CPU
	EndGlobalSection
	GlobalSection(ProjectConfigurationPlatforms) = postSolution
		{C08303DF-507B-4C92-B998-96F47D58546E}.Debug|Any CPU.ActiveCfg = Debug|Any CPU
		{C08303DF-507B-4C92-B998-96F47D58546E}.Debug|Any CPU.Build.0 = Debug|Any CPU
		{C08303DF-507B-4C92-B998-96F47D58546E}.Release|Any CPU.ActiveCfg = Release|Any CPU
		{C08303DF-507B-4C92-B998-96F47D58546E}.Release|Any CPU.Build.0 = Release|Any CPU
		{573F554E-7C4B-4662-896B-6DD3CA6CC326}.Debug|Any CPU.ActiveCfg = Debug|Any CPU
		{573F554E-7C4B-4662-896B-6DD3CA6CC326}.Debug|Any CPU.Build.0 = Debug|Any CPU
		{573F554E-7C4B-4662-896B-6DD3CA6CC326}.Release|Any CPU.ActiveCfg = Release|Any CPU
		{573F554E-7C4B-4662-896B-6DD3CA6CC326}.Release|Any CPU.Build.0 = Release|Any CPU
	EndGlobalSection
	GlobalSection(SolutionProperties) = preSolution
		HideSolutionNode = FALSE
	EndGlobalSection
	GlobalSection(ExtensibilityGlobals) = postSolution
		SolutionGuid = {4CBB6F80-4A78-42BB-B6A6-4D7A8B10ED3A}
	EndGlobalSection
EndGlobal
